
Microsoft Visual Studio Solution File, Format Version 12.00
# Visual Studio Version 17
VisualStudioVersion = 17.13.35931.197 d17.13
MinimumVisualStudioVersion = 10.0.40219.1
Project("{54A90642-561A-4BB1-A94E-469ADEE60C69}") = "reactcoreapiapp.client", "reactcoreapiapp.client\reactcoreapiapp.client.esproj", "{7BF21E56-167A-19B8-C7E8-1495D98A98EF}"
EndProject
Project("{FAE04EC0-301F-11D3-BF4B-00C04F79EFBC}") = "ReactCoreAPIApp.Server", "ReactCoreAPIApp.Server\ReactCoreAPIApp.Server.csproj", "{6C93654E-B434-42F1-B6E9-D5153F8E2F69}"
EndProject
Global
	GlobalSection(SolutionConfigurationPlatforms) = preSolution
		Debug|Any CPU = Debug|Any CPU
		Release|Any CPU = Release|Any CPU
	EndGlobalSection
	GlobalSection(ProjectConfigurationPlatforms) = postSolution
		{7BF21E56-167A-19B8-C7E8-1495D98A98EF}.Debug|Any CPU.ActiveCfg = Debug|Any CPU
		{7BF21E56-167A-19B8-C7E8-1495D98A98EF}.Debug|Any CPU.Build.0 = Debug|Any CPU
		{7BF21E56-167A-19B8-C7E8-1495D98A98EF}.Debug|Any CPU.Deploy.0 = Debug|Any CPU
		{7BF21E56-167A-19B8-C7E8-1495D98A98EF}.Release|Any CPU.ActiveCfg = Release|Any CPU
		{7BF21E56-167A-19B8-C7E8-1495D98A98EF}.Release|Any CPU.Build.0 = Release|Any CPU
		{7BF21E56-167A-19B8-C7E8-1495D98A98EF}.Release|Any CPU.Deploy.0 = Release|Any CPU
		{6C93654E-B434-42F1-B6E9-D5153F8E2F69}.Debug|Any CPU.ActiveCfg = Debug|Any CPU
		{6C93654E-B434-42F1-B6E9-D5153F8E2F69}.Debug|Any CPU.Build.0 = Debug|Any CPU
		{6C93654E-B434-42F1-B6E9-D5153F8E2F69}.Release|Any CPU.ActiveCfg = Release|Any CPU
		{6C93654E-B434-42F1-B6E9-D5153F8E2F69}.Release|Any CPU.Build.0 = Release|Any CPU
	EndGlobalSection
	GlobalSection(SolutionProperties) = preSolution
		HideSolutionNode = FALSE
	EndGlobalSection
	GlobalSection(ExtensibilityGlobals) = postSolution
		SolutionGuid = {6433C18D-2A39-4C54-9816-538F7D7A70F0}
	EndGlobalSection
EndGlobal
